{
  "projects": [
    {
      "projectId": "ohDidvG9XsCeFumugENU3J",
      "version": "6.21.0",
      "dependencies": {},
      "lang": "js",
      "fileLocks": [
        {
          "assetId": "ohDidvG9XsCeFumugENU3J",
          "type": "projectCss",
          "checksum": "fd83b730367fdbde2c69bc6cf31c2a3c"
        },
        {
          "assetId": "ohDidvG9XsCeFumugENU3J",
          "checksum": "de0a0e65174a6a185a8f822af51c6bdd",
          "type": "globalContexts"
        }
      ],
      "codegenVersion": "0.0.1"
    },
    {
      "projectId": "58GpZjZCWTaJ8AUhpCwt2K",
      "version": "3.23.0",
      "dependencies": {},
      "lang": "js",
      "fileLocks": [
        {
          "assetId": "58GpZjZCWTaJ8AUhpCwt2K",
          "type": "projectCss",
          "checksum": "fd84921cc10936e6ceb458c2ae01c4bd"
        }
      ],
      "codegenVersion": "0.0.1"
    },
    {
      "projectId": "7nJ7UcFmq9UzB6eXfC5z4a",
      "version": "0.26.0",
      "dependencies": {},
      "lang": "js",
      "fileLocks": [
        {
          "assetId": "7nJ7UcFmq9UzB6eXfC5z4a",
          "type": "projectCss",
          "checksum": "05587b57f22f0ec8bb54543deb39762e"
        }
      ],
      "codegenVersion": "0.0.1"
    },
    {
      "projectId": "7268zCZ6kAw6aCYdiP2nzq",
      "version": "latest",
      "dependencies": {
        "7nJ7UcFmq9UzB6eXfC5z4a": "0.26.0",
        "58GpZjZCWTaJ8AUhpCwt2K": "3.23.0",
        "ohDidvG9XsCeFumugENU3J": "6.21.0"
      },
      "lang": "js",
      "fileLocks": [
        {
          "type": "globalVariant",
          "assetId": "O1eICJVXtqJ1",
          "checksum": "1f4bf519364275747bcc2350bcb0edce"
        },
        {
          "assetId": "7268zCZ6kAw6aCYdiP2nzq",
          "type": "projectCss",
          "checksum": "547c4dbaca07e0c28ce2dcc266ee0a1d"
        },
        {
          "assetId": "7268zCZ6kAw6aCYdiP2nzq",
          "checksum": "99fc0cb012e0b79ca347a92b5654143e",
          "type": "globalContexts"
        },
        {
          "type": "renderModule",
          "assetId": "SrqqiSOoby7M",
          "checksum": "8c7fb0469fe7fdc4f21d432338b89b67"
        },
        {
          "type": "cssRules",
          "assetId": "SrqqiSOoby7M",
          "checksum": "8c7fb0469fe7fdc4f21d432338b89b67"
        },
        {
          "type": "renderModule",
          "assetId": "X4HzMq8Csa7U",
          "checksum": "54343b84e36a7fd53fbc13b375ad13f8"
        },
        {
          "type": "cssRules",
          "assetId": "X4HzMq8Csa7U",
          "checksum": "54343b84e36a7fd53fbc13b375ad13f8"
        },
        {
          "type": "renderModule",
          "assetId": "9OA69trFNc0m",
          "checksum": "82f13608d515f14ecd8205dcf8b2bdd0"
        },
        {
          "type": "cssRules",
          "assetId": "9OA69trFNc0m",
          "checksum": "82f13608d515f14ecd8205dcf8b2bdd0"
        },
        {
          "type": "renderModule",
          "assetId": "cVqtfftHOAsH",
          "checksum": "c5b3dbec72fd16d426eee5405cc0d956"
        },
        {
          "type": "cssRules",
          "assetId": "cVqtfftHOAsH",
          "checksum": "c5b3dbec72fd16d426eee5405cc0d956"
        },
        {
          "type": "renderModule",
          "assetId": "RFbCdE22SC2b",
          "checksum": "0f64b2a213189c5b53fcd2431279d8af"
        },
        {
          "type": "cssRules",
          "assetId": "RFbCdE22SC2b",
          "checksum": "0f64b2a213189c5b53fcd2431279d8af"
        },
        {
          "type": "renderModule",
          "assetId": "TU3Z218kSa9l",
          "checksum": "99be8dbc76eed3e5b71b88c58b07360f"
        },
        {
          "type": "cssRules",
          "assetId": "TU3Z218kSa9l",
          "checksum": "99be8dbc76eed3e5b71b88c58b07360f"
        },
        {
          "type": "renderModule",
          "assetId": "poHnSHnUDcuV",
          "checksum": "65bf2f509ada10fd44a4d7d89d577bb9"
        },
        {
          "type": "cssRules",
          "assetId": "poHnSHnUDcuV",
          "checksum": "65bf2f509ada10fd44a4d7d89d577bb9"
        },
        {
          "type": "renderModule",
          "assetId": "L1KLJxd0G6mA",
          "checksum": "e4e1ad1b07ab93af42bccee98ae1daac"
        },
        {
          "type": "cssRules",
          "assetId": "L1KLJxd0G6mA",
          "checksum": "e4e1ad1b07ab93af42bccee98ae1daac"
        },
        {
          "type": "renderModule",
          "assetId": "hXzX5_VS6Veb",
          "checksum": "cd3e84d8473f94c376b5967b5d9d73e4"
        },
        {
          "type": "cssRules",
          "assetId": "hXzX5_VS6Veb",
          "checksum": "cd3e84d8473f94c376b5967b5d9d73e4"
        },
        {
          "type": "renderModule",
          "assetId": "7OEN8aSC4xV7",
          "checksum": "a4b6c7a19db9cd20207a99e08bcf8c2d"
        },
        {
          "type": "cssRules",
          "assetId": "7OEN8aSC4xV7",
          "checksum": "a4b6c7a19db9cd20207a99e08bcf8c2d"
        },
        {
          "type": "icon",
          "assetId": "wKXOUq3w6fdQ",
          "checksum": "6435e904d0ddf98ec06974081195df0a"
        },
        {
          "type": "icon",
          "assetId": "CH7nz1upyjeu",
          "checksum": "f6c5f97644ba94a32c3f94df8509c02a"
        },
        {
          "type": "icon",
          "assetId": "LjentsuhSfC8",
          "checksum": "1c24f16cbebee87f140a3f7defee762c"
        },
        {
          "type": "icon",
          "assetId": "hlKJEVJkQWlu",
          "checksum": "abb15e30eeb01f710e30a479f0675eb4"
        },
        {
          "type": "icon",
          "assetId": "R6yVX4ZyOgEJ",
          "checksum": "2ce11694cc2cd3991702d0b221f8af69"
        },
        {
          "type": "icon",
          "assetId": "PS6tUBXzD92R",
          "checksum": "ae954b94d6c6dcfea2237f62d9224c44"
        },
        {
          "type": "icon",
          "assetId": "LwlsAfcyIvi4",
          "checksum": "5d639b482d54691f93c5eaf4c7bede59"
        },
        {
          "type": "icon",
          "assetId": "Ahhgp1FRPHJh",
          "checksum": "1b9b7c5339da50fb567a1f71b763b8f0"
        },
        {
          "type": "icon",
          "assetId": "m19VbK9R15JL",
          "checksum": "3bc9244d6d98568d32465f38be6f6229"
        },
        {
          "type": "icon",
          "assetId": "Xrgk1Hw5xXjU",
          "checksum": "21fee5564c3e3c3112bcbb7d278fa1d2"
        },
        {
          "type": "image",
          "assetId": "jqzSRlu5mv-w",
          "checksum": "6be40eea3cec7b867c0ec87f01ba70e4"
        },
        {
          "type": "image",
          "assetId": "_2GqN2dkaa_x",
          "checksum": "82e2f1acb7569d33ff80983f792e235b"
        },
        {
          "type": "image",
          "assetId": "nEUH-vvMox3k",
          "checksum": "41bc1f32caaa0d3d1ec583f52fcd7ef6"
        },
        {
          "type": "image",
          "assetId": "T57QEJ0eYBZ1",
          "checksum": "f3a105cae41f38c28504ce1bc64bd626"
        },
        {
          "type": "image",
          "assetId": "CsreSZJEDIfh",
          "checksum": "57d773015c169194ed928163b1f4e922"
        },
        {
          "type": "image",
          "assetId": "6x2LutsWyBCc",
          "checksum": "8adc49a592ab8d0b21fe76075dd1d881"
        },
        {
          "type": "image",
          "assetId": "61RbC6Af_UEm",
          "checksum": "4ee14de705584a83007385838c52bcb0"
        },
        {
          "type": "image",
          "assetId": "JBotRzRrO5gn",
          "checksum": "0e8085d376d8d45be4718f6aea348bac"
        },
        {
          "type": "image",
          "assetId": "EvLQ3tJnSaPr",
          "checksum": "4b8caeb09bbfb5452adebc41edd3a867"
        },
        {
          "type": "image",
          "assetId": "mIIcZXBS_zzG",
          "checksum": "7a0efdc1261d131bd12f836d0d5a9d3a"
        },
        {
          "type": "image",
          "assetId": "dst1PsYjXV2T",
          "checksum": "302bb859723285782afcd760abc96fe3"
        },
        {
          "type": "image",
          "assetId": "sjMWMGj9-ktW",
          "checksum": "afc1be91948dc5b8bd5dc34401bd233e"
        },
        {
          "type": "image",
          "assetId": "XATJKWReQRzy",
          "checksum": "4c468e47aec085c481582ed27944f22f"
        },
        {
          "type": "image",
          "assetId": "Zd9AeGl1KscC",
          "checksum": "8872ac132a79f9b62537a219d9726356"
        },
        {
          "type": "image",
          "assetId": "M7sXc8JklGJi",
          "checksum": "01b503cd56916fbc6d8952d11cf2afa5"
        },
        {
          "type": "image",
          "assetId": "De4VmsG29edF",
          "checksum": "31ed0ee9d65a12d4761106c5888efbd1"
        },
        {
          "type": "image",
          "assetId": "W-PZBhOPxXvb",
          "checksum": "d25c9ba793be61b0e004f98a45dc4694"
        },
        {
          "type": "image",
          "assetId": "gIM4bzVsTlm5",
          "checksum": "ddabb6e630baef6eb10a103a9a4df61e"
        },
        {
          "type": "image",
          "assetId": "mrRIGlo3LOJm",
          "checksum": "da289036fe35532f3c39ba849ebc293e"
        },
        {
          "type": "image",
          "assetId": "9mD0_DDaxJVz",
          "checksum": "a22dcaf3388c09cb6626a1d51d74ec8c"
        },
        {
          "type": "image",
          "assetId": "-R-KS-lA5I6r",
          "checksum": "fcf01ccbc8e78c856479cf2653633786"
        },
        {
          "type": "image",
          "assetId": "2ZrK6l4hpVe1",
          "checksum": "25e3fe06e6c38e6121abd940332323eb"
        },
        {
          "type": "image",
          "assetId": "u_wij0Ll9570",
          "checksum": "6faa72e68438c3bc1b773381848d4d35"
        },
        {
          "type": "image",
          "assetId": "lRgUOX8TC_w9",
          "checksum": "e71d3d6754e742de69d122d5043dac1b"
        },
        {
          "type": "image",
          "assetId": "-lc7TF8RIH8G",
          "checksum": "b43fd4e0f4d8b56b448da1de6980b1dc"
        },
        {
          "type": "image",
          "assetId": "BUqxgVGGHjJ2",
          "checksum": "3b7080c11405be528a33d2923390f872"
        },
        {
          "type": "image",
          "assetId": "7KDmPjoff0OD",
          "checksum": "8419e8b3b0b4b23eeede0f77d8ed162f"
        },
        {
          "type": "image",
          "assetId": "4EMtYZpQeJWx",
          "checksum": "50adb42f435a7f18c118f9e1c6f2bd1c"
        },
        {
          "type": "image",
          "assetId": "KPH_CB3NAcFf",
          "checksum": "f29bcb6379e3b5745ac0dbd05c61a163"
        },
        {
          "type": "image",
          "assetId": "oCMBfwqJpCYn",
          "checksum": "3c030602cc29f31ad32ae1740b37774e"
        },
        {
          "type": "image",
          "assetId": "SYuuOlmJn6OY",
          "checksum": "6ec258f39f2ddbb4af581cf47c55d7e1"
        },
        {
          "type": "image",
          "assetId": "1kNtSVp0FzJL",
          "checksum": "06aa1ab1866efbc9612a4abd37457435"
        },
        {
          "type": "image",
          "assetId": "ajmiXiFRilGg",
          "checksum": "b732c455a3859b30b6365e4b74577ba3"
        },
        {
          "type": "image",
          "assetId": "r3qrLaI5ix3S",
          "checksum": "e26d589f1a005071674856944a138dd6"
        },
        {
          "type": "image",
          "assetId": "BLz1fLdJ3jVx",
          "checksum": "254358d285fe285e4106afb6e13fb29a"
        },
        {
          "type": "image",
          "assetId": "VFumlm5giy4x",
          "checksum": "bc7abf6d6ec6f7927a22f7973ca087d6"
        },
        {
          "type": "image",
          "assetId": "Se9-vKeD4Qfs",
          "checksum": "85309898bc1e43d460060f0b875f5e24"
        },
        {
          "type": "image",
          "assetId": "9VIVfovKbrrw",
          "checksum": "647b10474f9042e3fd2909ab4b488a2f"
        },
        {
          "type": "image",
          "assetId": "kbyRFUiqZQ4s",
          "checksum": "674977ac902abd19cd4ce95db878d303"
        },
        {
          "type": "image",
          "assetId": "J7eRN44OvHXM",
          "checksum": "30490c9fb16c5db99e65f2190a885b4a"
        },
        {
          "type": "image",
          "assetId": "O8Bjt1fKOdvm",
          "checksum": "0dddd98f3cbab8adec3e1097c3c98c72"
        },
        {
          "type": "image",
          "assetId": "0YIW-v4PGURB",
          "checksum": "200866c1fc47941ecfba07d35ea19ca7"
        },
        {
          "type": "image",
          "assetId": "qR_81lVffzuF",
          "checksum": "515192da6d3d625083b9f61f4179ee2a"
        },
        {
          "type": "image",
          "assetId": "5P9VEsB5X25M",
          "checksum": "fb496d20d41da1d52a12a24c19255f7b"
        }
      ],
      "codegenVersion": "0.0.1"
    }
  ],
  "cliVersion": "0.1.327"
}
